
Microsoft Visual Studio Solution File, Format Version 11.00
# Visual C# Express 2010
Project("{FAE04EC0-301F-11D3-BF4B-00C04F79EFBC}") = "Dinero", "Dinero\Dinero.csproj", "{7FBA5361-C97D-4539-A101-B3AF43FCAA77}"
EndProject
Project("{FAE04EC0-301F-11D3-BF4B-00C04F79EFBC}") = "Controls", "Controls\Controls.csproj", "{6599DE60-2B5D-4B7F-B3DE-61EA1D50BE7E}"
Project("{FAE04EC0-301F-11D3-BF4B-00C04F79EFBC}") = "Tests", "Tests\Tests.csproj", "{C1684B63-674B-41FF-A710-BF70AD9A3975}"
EndProject
Global
	GlobalSection(SolutionConfigurationPlatforms) = preSolution
		Debug|Any CPU = Debug|Any CPU
		Debug|Mixed Platforms = Debug|Mixed Platforms
		Debug|x86 = Debug|x86
		Release|Any CPU = Release|Any CPU
		Release|Mixed Platforms = Release|Mixed Platforms
		Release|x86 = Release|x86
	EndGlobalSection
	GlobalSection(ProjectConfigurationPlatforms) = postSolution
		{6599DE60-2B5D-4B7F-B3DE-61EA1D50BE7E}.Debug|Any CPU.ActiveCfg = Debug|Any CPU
		{6599DE60-2B5D-4B7F-B3DE-61EA1D50BE7E}.Debug|Any CPU.Build.0 = Debug|Any CPU
		{6599DE60-2B5D-4B7F-B3DE-61EA1D50BE7E}.Debug|Mixed Platforms.ActiveCfg = Debug|Any CPU
		{6599DE60-2B5D-4B7F-B3DE-61EA1D50BE7E}.Debug|Mixed Platforms.Build.0 = Debug|Any CPU
		{6599DE60-2B5D-4B7F-B3DE-61EA1D50BE7E}.Debug|x86.ActiveCfg = Debug|Any CPU
		{6599DE60-2B5D-4B7F-B3DE-61EA1D50BE7E}.Release|Any CPU.ActiveCfg = Release|Any CPU
		{6599DE60-2B5D-4B7F-B3DE-61EA1D50BE7E}.Release|Any CPU.Build.0 = Release|Any CPU
		{6599DE60-2B5D-4B7F-B3DE-61EA1D50BE7E}.Release|Mixed Platforms.ActiveCfg = Release|Any CPU
		{6599DE60-2B5D-4B7F-B3DE-61EA1D50BE7E}.Release|Mixed Platforms.Build.0 = Release|Any CPU
		{6599DE60-2B5D-4B7F-B3DE-61EA1D50BE7E}.Release|x86.ActiveCfg = Release|Any CPU
	EndGlobalSection
	GlobalSection(SolutionProperties) = preSolution
		HideSolutionNode = FALSE
	EndGlobalSection
EndGlobal
